#MicroXplorer Configuration settings - do not modify
Mcu.Family=STM32F3
ProjectManager.MainLocation=Core/Src
PA2.GPIO_PuPd=GPIO_NOPULL
RCC.MCOFreq_Value=64000000
PC7.GPIOParameters=GPIO_Label
RCC.USART1Freq_Value=64000000
USART2.IPParameters=VirtualMode-Asynchronous,BaudRate
RCC.CortexFreq_Value=64000000
RCC.TIM17Freq_Value=64000000
SPI3.Direction=SPI_DIRECTION_2LINES
SPI3.VirtualType=VM_MASTER
ProjectManager.KeepUserCode=true
Mcu.UserName=STM32F303RETx
ADC2.SamplingTime-1\#ChannelRegularConversion=ADC_SAMPLETIME_1CYCLE_5
SPI2.VirtualType=VM_MASTER
RCC.PLLCLKFreq_Value=64000000
PC10.Signal=SPI3_SCK
PC12.Signal=SPI3_MOSI
PC5.Locked=true
PC7.Locked=true
RCC.SYSCLKSourceVirtual=RCC_SYSCLKSOURCE_PLLCLK
PA3.GPIO_PuPd=GPIO_NOPULL
ProjectManager.functionlistsort=1-MX_GPIO_Init-GPIO-false-HAL-true,2-SystemClock_Config-RCC-false-HAL-false,3-MX_USART2_UART_Init-USART2-false-HAL-true,4-MX_I2C1_Init-I2C1-false-HAL-true,5-MX_RTC_Init-RTC-false-HAL-true,6-MX_USART1_UART_Init-USART1-false-HAL-true,7-MX_TIM2_Init-TIM2-false-HAL-true,8-MX_TIM3_Init-TIM3-false-HAL-true,9-MX_SPI2_Init-SPI2-false-HAL-true,10-MX_FATFS_Init-FATFS-false-HAL-false,11-MX_SPI3_Init-SPI3-false-HAL-true,12-MX_ADC2_Init-ADC2-false-HAL-true,13-MX_ADC3_Init-ADC3-false-HAL-true,14-MX_ADC1_Init-ADC1-false-HAL-true
PA2.GPIO_Speed=GPIO_SPEED_FREQ_LOW
PC6.GPIO_Label=LED3
VP_RTC_VS_RTC_Activate.Mode=RTC_Enabled
PC3.Locked=true
RCC.RTCFreq_Value=40000
PA3.GPIOParameters=GPIO_Speed,GPIO_PuPd,GPIO_Label,GPIO_Mode
PC9.Locked=true
PA6.GPIO_Label=Relay_Drogue_1
PB0.GPIO_Label=Drogue_Continuity_1
RCC.USART2Freq_Value=32000000
PD2.Locked=true
PD2.GPIOParameters=GPIO_Label
USART1.IPParameters=VirtualMode-Asynchronous
PA3.GPIO_Speed=GPIO_SPEED_FREQ_LOW
PB11.Signal=ADC1_IN14
PB13.Signal=SPI2_SCK
PB15.Signal=SPI2_MOSI
ADC3.Channel-0\#ChannelRegularConversion=ADC_CHANNEL_1
PA2.GPIOParameters=GPIO_Speed,GPIO_PuPd,GPIO_Label,GPIO_Mode
PinOutPanel.RotationAngle=0
ProjectManager.StackSize=0x400
PB5.GPIOParameters=GPIO_Label
RCC.I2C3Freq_Value=8000000
Mcu.IP4=I2C1
Mcu.IP5=NVIC
RCC.FCLKCortexFreq_Value=64000000
Mcu.IP2=ADC3
I2C1.IPParameters=Timing
NVIC.SVCall_IRQn=true\:0\:0\:false\:false\:true\:false\:false
Mcu.IP3=FATFS
PA15.GPIO_Label=NSS_1
PB4.GPIOParameters=GPIO_Label
Mcu.IP0=ADC1
Mcu.IP1=ADC2
Mcu.UserConstants=
SH.S_TIM3_CH2.ConfNb=1
Mcu.ThirdPartyNb=0
ADC1.Offset-0\#ChannelRegularConversion=0
RCC.HCLKFreq_Value=64000000
Mcu.IPNb=15
RCC.I2SClocksFreq_Value=64000000
TIM2.IPParameters=Prescaler,Period
ProjectManager.PreviousToolchain=STM32CubeIDE
RCC.APB2TimFreq_Value=64000000
TIM3.Period=163
PB6.Signal=USART1_TX
PC7.Signal=GPIO_Output
PB6.Mode=Asynchronous
PC3.Signal=GPIO_Input
PA8.GPIOParameters=GPIO_Label
Mcu.Pin6=PA4
Mcu.Pin7=PA6
VP_TIM2_VS_ClockSourceINT.Signal=TIM2_VS_ClockSourceINT
Mcu.Pin8=PA7
Mcu.Pin9=PC4
RCC.AHBFreq_Value=64000000
SPI2.BaudRatePrescaler=SPI_BAUDRATEPRESCALER_128
RCC.TIM2Freq_Value=64000000
Mcu.Pin0=PF0-OSC_IN
SPI3.DataSize=SPI_DATASIZE_8BIT
Mcu.Pin1=PF1-OSC_OUT
GPIO.groupedBy=Group By Peripherals
Mcu.Pin2=PC2
Mcu.Pin3=PC3
RCC.USART3Freq_Value=32000000
Mcu.Pin4=PA2
Mcu.Pin5=PA3
ADC1.Channel-0\#ChannelRegularConversion=ADC_CHANNEL_14
ProjectManager.ProjectBuild=false
RCC.HSE_VALUE=16000000
NVIC.UsageFault_IRQn=true\:0\:0\:false\:false\:true\:true\:false
NVIC.DebugMonitor_IRQn=true\:0\:0\:false\:false\:true\:true\:false
PB2.Signal=ADC2_IN12
PB3.Mode=Trace_Asynchronous_SW
PA8.Locked=true
Mcu.IP10=SYS
USART2.VirtualMode-Asynchronous=VM_ASYNC
NVIC.SysTick_IRQn=true\:0\:0\:true\:false\:true\:true\:true
RCC.RCC_PLLsource_Clock_Source_FROM_HSE=RCC_HSE_PREDIV_DIV2
Mcu.IP12=TIM3
RCC.PLLMUL=RCC_PLL_MUL4
Mcu.IP11=TIM2
PB12.GPIO_Label=SD_CS
ProjectManager.FirmwarePackage=STM32Cube FW_F3 V1.11.2
MxDb.Version=DB.6.0.21
PB0.GPIOParameters=GPIO_Label
Mcu.IP14=USART2
Mcu.IP13=USART1
ProjectManager.BackupPrevious=false
PC4.GPIO_Label=Relay_Main_1
PF0-OSC_IN.Locked=true
PA14.Mode=Trace_Asynchronous_SW
PB14.Mode=Full_Duplex_Master
TIM3.Prescaler=999
PB1.GPIO_Label=Drogue_Sense_1
NVIC.TIM2_IRQn=true\:0\:0\:false\:false\:true\:true\:true
File.Version=6
SPI2.CalculateBaudRate=250.0 KBits/s
ADC3.IPParameters=Rank-0\#ChannelRegularConversion,Channel-0\#ChannelRegularConversion,SamplingTime-0\#ChannelRegularConversion,SamplingTimeOPAMP-0\#ChannelRegularConversion,OffsetNumber-0\#ChannelRegularConversion,Offset-0\#ChannelRegularConversion,NbrOfConversionFlag,master
PB7.Signal=USART1_RX
PA8.Signal=GPIO_Input
PB8.Locked=true
PB6.Locked=true
NVIC.PendSV_IRQn=true\:0\:0\:false\:false\:true\:false\:false
ProjectManager.HalAssertFull=false
PB0.Locked=true
ADC1.SamplingTime-0\#ChannelRegularConversion=ADC_SAMPLETIME_1CYCLE_5
ProjectManager.ProjectName=FC_V2
RCC.TIM1Freq_Value=64000000
RCC.PLLMCOFreq_Value=64000000
PC8.GPIOParameters=GPIO_Label
ADC3.master=1
Mcu.Package=LQFP64
PB9.Signal=I2C1_SDA
TIM2.Prescaler=7199
PB1.Signal=ADC3_IN1
PA6.Signal=GPIO_Output
RCC.TIM15Freq_Value=64000000
PA7.Locked=true
SPI2.Mode=SPI_MODE_MASTER
VP_FATFS_VS_Generic.Signal=FATFS_VS_Generic
SPI3.Mode=SPI_MODE_MASTER
RCC.ADC34outputFreq_Value=64000000
ProjectManager.ToolChainLocation=
PA2.GPIO_Label=USART2_TX
RCC.LSI_VALUE=40000
VP_SYS_VS_Systick.Signal=SYS_VS_Systick
ADC2.Channel-1\#ChannelRegularConversion=ADC_CHANNEL_12
ADC3.Rank-0\#ChannelRegularConversion=1
PA15.Signal=GPIO_Output
PC11.Mode=Full_Duplex_Master
ADC3.OffsetNumber-0\#ChannelRegularConversion=ADC_OFFSET_NONE
RCC.TIM16Freq_Value=64000000
PB5.GPIO_Label=DIO1_1
RCC.APB1TimFreq_Value=64000000
NVIC.BusFault_IRQn=true\:0\:0\:false\:false\:true\:true\:false
PC4.Locked=true
TIM3.Pulse-PWM\ Generation2\ CH2=82
SPI3.IPParameters=VirtualType,Mode,Direction,CalculateBaudRate,DataSize,BaudRatePrescaler
SPI2.Direction=SPI_DIRECTION_2LINES
PC5.Signal=GPIO_Output
PB13.Mode=Full_Duplex_Master
PB10.GPIOParameters=GPIO_Label
PF1-OSC_OUT.Mode=HSE-External-Oscillator
PA4.GPIO_Label=Buzzer
PC2.GPIO_Label=LED_Status
ProjectManager.CustomerFirmwarePackage=
PC4.GPIOParameters=GPIO_Label
VP_TIM3_VS_ClockSourceINT.Mode=Internal
PF1-OSC_OUT.Signal=RCC_OSC_OUT
PB4.Signal=GPIO_Input
PA3.Signal=USART2_RX
PA2.GPIO_Mode=GPIO_MODE_AF_PP
PA2.Locked=true
VP_RTC_VS_RTC_Activate.Signal=RTC_VS_RTC_Activate
PA6.GPIOParameters=GPIO_Label
ADC2.ClockPrescaler=ADC_CLOCK_SYNC_PCLK_DIV2
RCC.PLLSourceVirtual=RCC_PLLSOURCE_HSE
ProjectManager.ProjectFileName=FC_V2.ioc
RCC.ADC12outputFreq_Value=64000000
ADC1.Rank-0\#ChannelRegularConversion=1
PA15.GPIOParameters=GPIO_Label
Mcu.PinsNb=44
PC9.GPIO_Label=Main_Continuity_1
ProjectManager.NoMain=false
ADC1.IPParameters=Rank-0\#ChannelRegularConversion,master,Channel-0\#ChannelRegularConversion,SamplingTime-0\#ChannelRegularConversion,SamplingTimeOPAMP-0\#ChannelRegularConversion,OffsetNumber-0\#ChannelRegularConversion,Offset-0\#ChannelRegularConversion,NbrOfConversionFlag,ClockPrescaler
ADC1.OffsetNumber-0\#ChannelRegularConversion=ADC_OFFSET_NONE
PC11.Signal=SPI3_MISO
PC8.Signal=GPIO_Output
PC2.Signal=GPIO_Output
PC4.Signal=GPIO_Output
PC6.Signal=GPIO_Output
PC10.Mode=Full_Duplex_Master
PB11.GPIO_Label=Input_Sense_1
ProjectManager.DefaultFWLocation=true
PB12.Locked=true
ProjectManager.DeletePrevious=true
PF1-OSC_OUT.Locked=true
RCC.APB1CLKDivider=RCC_HCLK_DIV2
PB10.Locked=true
boardIOC=true
USART2.BaudRate=9600
RCC.FamilyName=M
PC3.GPIOParameters=GPIO_Label
PC8.GPIO_Label=LED1
USART1.VirtualMode-Asynchronous=VM_ASYNC
PA3.Mode=Asynchronous
PA13.Signal=SYS_JTMS-SWDIO
PA15.Locked=true
ADC3.SamplingTime-0\#ChannelRegularConversion=ADC_SAMPLETIME_1CYCLE_5
PA8.GPIO_Label=Main_Continuity_2
PB11.Mode=IN14-Single-Ended
ProjectManager.TargetToolchain=STM32CubeIDE
PB10.GPIO_Label=Drogue_Continuity_2
ADC1.SamplingTimeOPAMP-0\#ChannelRegularConversion=ADC_SAMPLETIME_19CYCLES_5
PA3.GPIO_Mode=GPIO_MODE_AF_PP
ADC2.IPParameters=Rank-1\#ChannelRegularConversion,Channel-1\#ChannelRegularConversion,SamplingTime-1\#ChannelRegularConversion,OffsetNumber-1\#ChannelRegularConversion,Offset-1\#ChannelRegularConversion,NbrOfConversionFlag,ClockPrescaler
PC5.GPIOParameters=GPIO_Label
PC6.Locked=true
PB9.Mode=I2C
PB2.GPIOParameters=GPIO_Label
I2C1.Timing=0x10707DBC
PB11.GPIOParameters=GPIO_Label
PB5.Locked=true
PB9.Locked=true
SPI2.IPParameters=VirtualType,Mode,Direction,CalculateBaudRate,DataSize,BaudRatePrescaler
ADC3.SamplingTimeOPAMP-0\#ChannelRegularConversion=ADC_SAMPLETIME_19CYCLES_5
PC2.Locked=true
ProjectManager.RegisterCallBack=
RCC.USBFreq_Value=42666666.666666664
VP_TIM3_VS_ClockSourceINT.Signal=TIM3_VS_ClockSourceINT
RCC.LSE_VALUE=32768
PB1.Locked=true
PF0-OSC_IN.Mode=HSE-External-Oscillator
VP_FATFS_VS_Generic.Mode=User_defined
ADC2.OffsetNumber-1\#ChannelRegularConversion=ADC_OFFSET_NONE
PB10.Signal=GPIO_Input
PB14.Signal=SPI2_MISO
Mcu.Pin40=VP_RTC_VS_RTC_Activate
SH.S_TIM3_CH2.0=TIM3_CH2,PWM Generation2 CH2
Mcu.Pin41=VP_SYS_VS_Systick
PC12.Mode=Full_Duplex_Master
Mcu.Pin42=VP_TIM2_VS_ClockSourceINT
board=NUCLEO-F303RE
Mcu.Pin43=VP_TIM3_VS_ClockSourceINT
ProjectManager.LastFirmware=true
PB15.Mode=Full_Duplex_Master
RCC.VCOOutput2Freq_Value=16000000
ADC2.Offset-1\#ChannelRegularConversion=0
RCC.APB2Freq_Value=64000000
RCC.TIM8Freq_Value=64000000
RCC.UART4Freq_Value=32000000
SPI3.CalculateBaudRate=2.0 MBits/s
MxCube.Version=6.2.1
PB4.GPIO_Label=BUSY_1
Mcu.Pin37=PB8
Mcu.Pin38=PB9
RCC.PRESCALERUSB=RCC_USBCLKSOURCE_PLL_DIV1_5
Mcu.Pin35=PB6
VP_TIM2_VS_ClockSourceINT.Mode=Internal
RCC.I2C1Freq_Value=64000000
Mcu.Pin36=PB7
Mcu.Pin39=VP_FATFS_VS_Generic
PC2.GPIOParameters=GPIO_Label
Mcu.Pin30=PC12
SPI3.BaudRatePrescaler=SPI_BAUDRATEPRESCALER_16
VP_SYS_VS_Systick.Mode=SysTick
Mcu.Pin33=PB4
TIM3.IPParameters=Prescaler,Period,Channel-PWM Generation2 CH2,Pulse-PWM Generation2 CH2
Mcu.Pin34=PB5
RCC.I2c1ClockSelection=RCC_I2C1CLKSOURCE_SYSCLK
Mcu.Pin31=PD2
Mcu.Pin32=PB3
NVIC.NonMaskableInt_IRQn=true\:0\:0\:false\:false\:true\:true\:false
PA4.GPIOParameters=GPIO_Label
TIM2.Period=999
RCC.UART5Freq_Value=32000000
PA13.Mode=Trace_Asynchronous_SW
ProjectManager.FreePins=false
RCC.IPParameters=ADC12outputFreq_Value,ADC34outputFreq_Value,AHBFreq_Value,APB1CLKDivider,APB1Freq_Value,APB1TimFreq_Value,APB2Freq_Value,APB2TimFreq_Value,CortexFreq_Value,FCLKCortexFreq_Value,FamilyName,HCLKFreq_Value,HSE_VALUE,HSI_VALUE,I2C1Freq_Value,I2C2Freq_Value,I2C3Freq_Value,I2SClocksFreq_Value,I2c1ClockSelection,LSE_VALUE,LSI_VALUE,MCOFreq_Value,PLLCLKFreq_Value,PLLM,PLLMCOFreq_Value,PLLMUL,PLLN,PLLP,PLLQ,PLLSourceVirtual,PRESCALERUSB,RCC_PLLsource_Clock_Source_FROM_HSE,RTCFreq_Value,RTCHSEDivFreq_Value,SYSCLKFreq_VALUE,SYSCLKSourceVirtual,TIM15Freq_Value,TIM16Freq_Value,TIM17Freq_Value,TIM1Freq_Value,TIM20Freq_Value,TIM2Freq_Value,TIM3Freq_Value,TIM8Freq_Value,UART4Freq_Value,UART5Freq_Value,USART1Freq_Value,USART2Freq_Value,USART3Freq_Value,USBFreq_Value,VCOOutput2Freq_Value
PC9.GPIOParameters=GPIO_Label
ProjectManager.AskForMigrate=true
Mcu.Name=STM32F303R(D-E)Tx
Mcu.Pin26=PA14
Mcu.Pin27=PA15
RCC.RTCHSEDivFreq_Value=500000
PA2.Signal=USART2_TX
Mcu.Pin24=PA8
ProjectManager.UnderRoot=true
Mcu.Pin25=PA13
Mcu.IP8=SPI2
Mcu.IP9=SPI3
PC7.GPIO_Label=LED2
Mcu.Pin28=PC10
Mcu.IP6=RCC
Mcu.Pin29=PC11
Mcu.IP7=RTC
ProjectManager.CoupleFile=false
PB4.Locked=true
PB3.Signal=SYS_JTDO-TRACESWO
PA4.Signal=S_TIM3_CH2
RCC.SYSCLKFreq_VALUE=64000000
PB5.Signal=GPIO_Input
Mcu.Pin22=PC8
Mcu.Pin23=PC9
PA7.GPIO_Label=Relay_Drogue_2
Mcu.Pin20=PC6
ADC1.master=1
PA3.Locked=true
Mcu.Pin21=PC7
ADC2.NbrOfConversionFlag=1
NVIC.ForceEnableDMAVector=true
KeepUserPlacement=false
PC5.GPIO_Label=Relay_Main_2
NVIC.MemoryManagement_IRQn=true\:0\:0\:false\:false\:true\:true\:false
PB2.Mode=IN12-Single-Ended
ProjectManager.CompilerOptimize=6
PB7.Mode=Asynchronous
PA14.Signal=SYS_JTCK-SWCLK
PB2.GPIO_Label=Main_Sense_1
ProjectManager.HeapSize=0x600
Mcu.Pin15=PB11
NVIC.HardFault_IRQn=true\:0\:0\:false\:false\:true\:true\:false
PB1.Mode=IN1-Single-Ended
Mcu.Pin16=PB12
Mcu.Pin13=PB2
PC6.GPIOParameters=GPIO_Label
Mcu.Pin14=PB10
Mcu.Pin19=PB15
RCC.TIM20Freq_Value=72000000
ProjectManager.ComputerToolchain=false
Mcu.Pin17=PB13
RCC.HSI_VALUE=8000000
Mcu.Pin18=PB14
ADC3.Offset-0\#ChannelRegularConversion=0
RCC.TIM3Freq_Value=64000000
RCC.PLLP=RCC_PLLP_DIV4
RCC.PLLQ=7
NVIC.PriorityGroup=NVIC_PRIORITYGROUP_0
ADC1.NbrOfConversionFlag=1
Mcu.Pin11=PB0
TIM3.Channel-PWM\ Generation2\ CH2=TIM_CHANNEL_2
Mcu.Pin12=PB1
RCC.PLLM=8
PB8.Mode=I2C
RCC.PLLN=336
Mcu.Pin10=PC5
PB7.Locked=true
ADC2.Rank-1\#ChannelRegularConversion=1
PA2.Mode=Asynchronous
PB8.Signal=I2C1_SCL
PC3.GPIO_Label=Button
PC8.Locked=true
SPI2.DataSize=SPI_DATASIZE_8BIT
PC9.Signal=GPIO_Input
PF0-OSC_IN.Signal=RCC_OSC_IN
PD2.Signal=GPIO_Output
RCC.I2C2Freq_Value=8000000
RCC.APB1Freq_Value=32000000
ADC3.NbrOfConversionFlag=1
PB0.Signal=GPIO_Input
ADC1.ClockPrescaler=ADC_CLOCK_SYNC_PCLK_DIV2
PA7.GPIOParameters=GPIO_Label
PB11.Locked=true
ProjectManager.DeviceId=STM32F303RETx
PB12.GPIOParameters=GPIO_Label
PB12.Signal=GPIO_Output
PD2.GPIO_Label=NRESET_1
ProjectManager.LibraryCopy=1
PA3.GPIO_Label=USART2_RX
PB1.GPIOParameters=GPIO_Label
PA7.Signal=GPIO_Output
PA6.Locked=true
isbadioc=false
