#MicroXplorer Configuration settings - do not modify
Mcu.Family=STM32F3
RCC.PLLSourceVirtual=RCC_PLLSOURCE_HSE
ProjectManager.MainLocation=Core/Src
PC7.GPIOParameters=GPIO_Label
RCC.USART1Freq_Value=8000000
ProjectManager.ProjectFileName=FCV3.5_Hardware_ProgrammingTry.ioc
RCC.ADC12outputFreq_Value=32000000
RCC.CortexFreq_Value=8000000
ProjectManager.KeepUserCode=true
Mcu.UserName=STM32F303RETx
Mcu.PinsNb=13
ProjectManager.NoMain=false
RCC.PLLCLKFreq_Value=32000000
PC7.Locked=true
ProjectManager.functionlistsort=1-SystemClock_Config-RCC-false-HAL-false
PC8.Signal=GPIO_Output
PC2.Signal=GPIO_Output
PC6.Signal=GPIO_Output
PC6.GPIO_Label=LED3
RCC.RTCFreq_Value=40000
ProjectManager.DefaultFWLocation=true
VP_TIM16_VS_ClockSourceINT.Mode=Enable_Timer
RCC.USART2Freq_Value=8000000
ProjectManager.DeletePrevious=true
USART1.IPParameters=VirtualMode-Asynchronous
PinOutPanel.RotationAngle=0
RCC.FamilyName=M
ProjectManager.StackSize=0x400
PC8.GPIO_Label=LED1
RCC.I2C3Freq_Value=8000000
USART1.VirtualMode-Asynchronous=VM_ASYNC
PA13.Signal=SYS_JTMS-SWDIO
Mcu.IP4=USART1
NVIC.SVCall_IRQn=true\:0\:0\:false\:false\:true\:false\:false
Mcu.IP2=SYS
Mcu.IP3=TIM16
Mcu.IP0=NVIC
Mcu.IP1=RCC
Mcu.UserConstants=
ProjectManager.TargetToolchain=STM32CubeIDE
Mcu.ThirdPartyNb=0
Mcu.IPNb=5
ProjectManager.PreviousToolchain=
PC6.Locked=true
PB6.Signal=USART1_TX
PC7.Signal=GPIO_Output
PB6.Mode=Asynchronous
Mcu.Pin6=PA13
PC2.Locked=true
Mcu.Pin7=PA14
ProjectManager.RegisterCallBack=
Mcu.Pin8=PB3
RCC.USBFreq_Value=32000000
Mcu.Pin9=PB6
RCC.LSE_VALUE=32768
RCC.AHBFreq_Value=8000000
Mcu.Pin0=PF0-OSC_IN
Mcu.Pin1=PF1-OSC_OUT
PF0-OSC_IN.Mode=HSE-External-Oscillator
Mcu.Pin2=PC2
Mcu.Pin3=PC6
RCC.USART3Freq_Value=8000000
Mcu.Pin4=PC7
Mcu.Pin5=PC8
ProjectManager.ProjectBuild=false
RCC.HSE_VALUE=16000000
NVIC.UsageFault_IRQn=true\:0\:0\:false\:false\:true\:false\:false
NVIC.DebugMonitor_IRQn=true\:0\:0\:false\:false\:true\:false\:false
PB3.Mode=Trace_Asynchronous_SW
board=custom
NVIC.SysTick_IRQn=true\:0\:0\:false\:false\:true\:false\:true
ProjectManager.LastFirmware=true
RCC.VCOOutput2Freq_Value=16000000
ProjectManager.FirmwarePackage=STM32Cube FW_F3 V1.11.2
MxDb.Version=DB.6.0.21
RCC.APB2Freq_Value=8000000
RCC.UART4Freq_Value=8000000
ProjectManager.BackupPrevious=false
MxCube.Version=6.2.1
RCC.I2C1Freq_Value=8000000
PA14.Mode=Trace_Asynchronous_SW
PC2.GPIOParameters=GPIO_Label
File.Version=6
VP_SYS_VS_Systick.Mode=SysTick
PB7.Signal=USART1_RX
VP_TIM16_VS_ClockSourceINT.Signal=TIM16_VS_ClockSourceINT
NVIC.NonMaskableInt_IRQn=true\:0\:0\:false\:false\:true\:false\:false
PB6.Locked=true
NVIC.PendSV_IRQn=true\:0\:0\:false\:false\:true\:false\:false
RCC.UART5Freq_Value=8000000
PA13.Mode=Trace_Asynchronous_SW
ProjectManager.FreePins=false
RCC.IPParameters=ADC12outputFreq_Value,ADC34outputFreq_Value,AHBFreq_Value,APB1Freq_Value,APB2Freq_Value,CortexFreq_Value,FamilyName,HSE_VALUE,HSI_VALUE,I2C1Freq_Value,I2C2Freq_Value,I2C3Freq_Value,LSE_VALUE,LSI_VALUE,PLLCLKFreq_Value,PLLMCOFreq_Value,PLLSourceVirtual,RTCFreq_Value,RTCHSEDivFreq_Value,SYSCLKFreq_VALUE,UART4Freq_Value,UART5Freq_Value,USART1Freq_Value,USART2Freq_Value,USART3Freq_Value,USBFreq_Value,VCOOutput2Freq_Value
ProjectManager.AskForMigrate=true
Mcu.Name=STM32F303R(D-E)Tx
ProjectManager.HalAssertFull=false
RCC.RTCHSEDivFreq_Value=500000
ProjectManager.ProjectName=FCV3.5_Hardware_ProgrammingTry
ProjectManager.UnderRoot=true
PC7.GPIO_Label=LED2
RCC.PLLMCOFreq_Value=32000000
ProjectManager.CoupleFile=false
PC8.GPIOParameters=GPIO_Label
PB3.Signal=SYS_JTDO-TRACESWO
RCC.SYSCLKFreq_VALUE=8000000
Mcu.Package=LQFP64
NVIC.ForceEnableDMAVector=true
KeepUserPlacement=false
RCC.ADC34outputFreq_Value=32000000
NVIC.MemoryManagement_IRQn=true\:0\:0\:false\:false\:true\:false\:false
ProjectManager.CompilerOptimize=6
ProjectManager.ToolChainLocation=
RCC.LSI_VALUE=40000
VP_SYS_VS_Systick.Signal=SYS_VS_Systick
PB7.Mode=Asynchronous
PA14.Signal=SYS_JTCK-SWCLK
ProjectManager.HeapSize=0x200
NVIC.HardFault_IRQn=true\:0\:0\:false\:false\:true\:false\:false
PC6.GPIOParameters=GPIO_Label
ProjectManager.ComputerToolchain=false
RCC.HSI_VALUE=8000000
NVIC.PriorityGroup=NVIC_PRIORITYGROUP_4
Mcu.Pin11=VP_SYS_VS_Systick
Mcu.Pin12=VP_TIM16_VS_ClockSourceINT
Mcu.Pin10=PB7
PB7.Locked=true
NVIC.BusFault_IRQn=true\:0\:0\:false\:false\:true\:false\:false
PC8.Locked=true
PF0-OSC_IN.Signal=RCC_OSC_IN
PF1-OSC_OUT.Mode=HSE-External-Oscillator
RCC.I2C2Freq_Value=8000000
RCC.APB1Freq_Value=8000000
PC2.GPIO_Label=LED_Status
ProjectManager.CustomerFirmwarePackage=
ProjectManager.DeviceId=STM32F303RETx
PF1-OSC_OUT.Signal=RCC_OSC_OUT
ProjectManager.LibraryCopy=1
isbadioc=false
