#MicroXplorer Configuration settings - do not modify
Mcu.Family=STM32F3
ProjectManager.MainLocation=Core/Src
PA6.Mode=Full_Duplex_Master
RCC.USART1Freq_Value=8000000
ProjectManager.ProjectFileName=SRAD_Radio_test.ioc
RCC.ADC12outputFreq_Value=16000000
RCC.CortexFreq_Value=8000000
PA7.Mode=Full_Duplex_Master
ProjectManager.KeepUserCode=true
Mcu.UserName=STM32F303RETx
Mcu.PinsNb=10
SPI1.VirtualType=VM_MASTER
ProjectManager.NoMain=false
SPI1.IPParameters=VirtualType,Mode,Direction,CalculateBaudRate,DataSize
RCC.PLLCLKFreq_Value=16000000
PC5.Locked=true
ProjectManager.functionlistsort=1-MX_GPIO_Init-GPIO-false-HAL-true,2-SystemClock_Config-RCC-false-HAL-false,3-MX_SPI1_Init-SPI1-false-HAL-true
PC4.Signal=GPIO_Output
RCC.RTCFreq_Value=40000
ProjectManager.DefaultFWLocation=true
PB0.GPIO_Label=NRESET
RCC.USART2Freq_Value=8000000
ProjectManager.DeletePrevious=true
PB10.Locked=true
PinOutPanel.RotationAngle=0
RCC.FamilyName=M
ProjectManager.StackSize=0x400
RCC.I2C3Freq_Value=8000000
NVIC.SVCall_IRQn=true\:0\:0\:false\:false\:true\:false\:false
Mcu.IP2=SPI1
Mcu.IP3=SYS
Mcu.IP0=NVIC
Mcu.IP1=RCC
Mcu.UserConstants=
ProjectManager.TargetToolchain=EWARM V8.32
PB10.GPIO_Label=DIO3
Mcu.ThirdPartyNb=0
SPI1.Direction=SPI_DIRECTION_2LINES
Mcu.IPNb=4
ProjectManager.PreviousToolchain=
PC5.GPIOParameters=GPIO_Label
PB2.GPIOParameters=GPIO_Label
SPI1.CalculateBaudRate=4.0 MBits/s
Mcu.Pin6=PB1
Mcu.Pin7=PB2
ProjectManager.RegisterCallBack=
Mcu.Pin8=PB10
RCC.USBFreq_Value=16000000
Mcu.Pin9=VP_SYS_VS_Systick
RCC.LSE_VALUE=32768
RCC.AHBFreq_Value=8000000
Mcu.Pin0=PA5
PB1.Locked=true
Mcu.Pin1=PA6
GPIO.groupedBy=
Mcu.Pin2=PA7
PB10.Signal=GPIO_Input
Mcu.Pin3=PC4
RCC.USART3Freq_Value=8000000
Mcu.Pin4=PC5
Mcu.Pin5=PB0
PA5.Signal=SPI1_SCK
ProjectManager.ProjectBuild=false
RCC.HSE_VALUE=8000000
NVIC.UsageFault_IRQn=true\:0\:0\:false\:false\:true\:false\:false
NVIC.DebugMonitor_IRQn=true\:0\:0\:false\:false\:true\:false\:false
PB2.Signal=GPIO_Input
board=custom
NVIC.SysTick_IRQn=true\:0\:0\:false\:false\:true\:false\:true
ProjectManager.LastFirmware=true
RCC.VCOOutput2Freq_Value=8000000
ProjectManager.FirmwarePackage=STM32Cube FW_F3 V1.11.2
MxDb.Version=DB.6.0.10
PB0.GPIOParameters=GPIO_Label
RCC.APB2Freq_Value=8000000
RCC.UART4Freq_Value=8000000
ProjectManager.BackupPrevious=false
MxCube.Version=6.1.1
PC4.GPIO_Label=NSS
RCC.I2C1Freq_Value=8000000
SPI1.Mode=SPI_MODE_MASTER
PB1.GPIO_Label=DIO1
SPI1.DataSize=SPI_DATASIZE_8BIT
File.Version=6
VP_SYS_VS_Systick.Mode=SysTick
NVIC.NonMaskableInt_IRQn=true\:0\:0\:false\:false\:true\:false\:false
NVIC.PendSV_IRQn=true\:0\:0\:false\:false\:true\:false\:false
RCC.UART5Freq_Value=8000000
ProjectManager.FreePins=false
RCC.IPParameters=ADC12outputFreq_Value,ADC34outputFreq_Value,AHBFreq_Value,APB1Freq_Value,APB2Freq_Value,CortexFreq_Value,FamilyName,HSE_VALUE,HSI_VALUE,I2C1Freq_Value,I2C2Freq_Value,I2C3Freq_Value,LSE_VALUE,LSI_VALUE,PLLCLKFreq_Value,PLLMCOFreq_Value,RTCFreq_Value,RTCHSEDivFreq_Value,SYSCLKFreq_VALUE,UART4Freq_Value,UART5Freq_Value,USART1Freq_Value,USART2Freq_Value,USART3Freq_Value,USBFreq_Value,VCOOutput2Freq_Value
ProjectManager.AskForMigrate=true
Mcu.Name=STM32F303R(D-E)Tx
ProjectManager.HalAssertFull=false
PB0.Locked=true
RCC.RTCHSEDivFreq_Value=250000
ProjectManager.ProjectName=SRAD_Radio_test
ProjectManager.UnderRoot=false
PB2.Locked=true
RCC.PLLMCOFreq_Value=16000000
ProjectManager.CoupleFile=false
RCC.SYSCLKFreq_VALUE=8000000
Mcu.Package=LQFP64
PA6.Signal=SPI1_MISO
PB1.Signal=GPIO_Input
NVIC.ForceEnableDMAVector=true
KeepUserPlacement=false
PC5.GPIO_Label=BUSY
RCC.ADC34outputFreq_Value=16000000
NVIC.MemoryManagement_IRQn=true\:0\:0\:false\:false\:true\:false\:false
ProjectManager.CompilerOptimize=6
ProjectManager.ToolChainLocation=
RCC.LSI_VALUE=40000
VP_SYS_VS_Systick.Signal=SYS_VS_Systick
PB2.GPIO_Label=DIO2
ProjectManager.HeapSize=0x200
NVIC.HardFault_IRQn=true\:0\:0\:false\:false\:true\:false\:false
ProjectManager.ComputerToolchain=false
RCC.HSI_VALUE=8000000
NVIC.PriorityGroup=NVIC_PRIORITYGROUP_4
NVIC.BusFault_IRQn=true\:0\:0\:false\:false\:true\:false\:false
PC4.Locked=true
PC5.Signal=GPIO_Input
PB10.GPIOParameters=GPIO_Label
RCC.I2C2Freq_Value=8000000
RCC.APB1Freq_Value=8000000
PB0.Signal=GPIO_Output
ProjectManager.CustomerFirmwarePackage=
PC4.GPIOParameters=GPIO_Label
ProjectManager.DeviceId=STM32F303RETx
ProjectManager.LibraryCopy=0
PB1.GPIOParameters=GPIO_Label
PA5.Mode=Full_Duplex_Master
PA7.Signal=SPI1_MOSI
